
Microsoft Visual Studio Solution File, Format Version 12.00
# Visual Studio Version 17
VisualStudioVersion = 17.8.34511.84
MinimumVisualStudioVersion = 10.0.40219.1
Project("{FAE04EC0-301F-11D3-BF4B-00C04F79EFBC}") = "Task3", "Task3.csproj", "{1F9440EE-55F8-4CBE-87B0-834E2C6B2387}"
EndProject
Global
	GlobalSection(SolutionConfigurationPlatforms) = preSolution
		Debug|Any CPU = Debug|Any CPU
		Release|Any CPU = Release|Any CPU
	EndGlobalSection
	GlobalSection(ProjectConfigurationPlatforms) = postSolution
		{1F9440EE-55F8-4CBE-87B0-834E2C6B2387}.Debug|Any CPU.ActiveCfg = Debug|Any CPU
		{1F9440EE-55F8-4CBE-87B0-834E2C6B2387}.Debug|Any CPU.Build.0 = Debug|Any CPU
		{1F9440EE-55F8-4CBE-87B0-834E2C6B2387}.Release|Any CPU.ActiveCfg = Release|Any CPU
		{1F9440EE-55F8-4CBE-87B0-834E2C6B2387}.Release|Any CPU.Build.0 = Release|Any CPU
	EndGlobalSection
	GlobalSection(SolutionProperties) = preSolution
		HideSolutionNode = FALSE
	EndGlobalSection
	GlobalSection(ExtensibilityGlobals) = postSolution
		SolutionGuid = {F5C6BE13-C952-418F-8FE9-C9DFBCC27968}
	EndGlobalSection
EndGlobal
