
Microsoft Visual Studio Solution File, Format Version 12.00
# Visual Studio Version 17
VisualStudioVersion = 17.8.34511.84
MinimumVisualStudioVersion = 10.0.40219.1
Project("{FAE04EC0-301F-11D3-BF4B-00C04F79EFBC}") = "copyconstructor", "copyconstructor.csproj", "{22E6A639-698B-4810-A21A-EF169EC84822}"
EndProject
Global
	GlobalSection(SolutionConfigurationPlatforms) = preSolution
		Debug|Any CPU = Debug|Any CPU
		Release|Any CPU = Release|Any CPU
	EndGlobalSection
	GlobalSection(ProjectConfigurationPlatforms) = postSolution
		{22E6A639-698B-4810-A21A-EF169EC84822}.Debug|Any CPU.ActiveCfg = Debug|Any CPU
		{22E6A639-698B-4810-A21A-EF169EC84822}.Debug|Any CPU.Build.0 = Debug|Any CPU
		{22E6A639-698B-4810-A21A-EF169EC84822}.Release|Any CPU.ActiveCfg = Release|Any CPU
		{22E6A639-698B-4810-A21A-EF169EC84822}.Release|Any CPU.Build.0 = Release|Any CPU
	EndGlobalSection
	GlobalSection(SolutionProperties) = preSolution
		HideSolutionNode = FALSE
	EndGlobalSection
	GlobalSection(ExtensibilityGlobals) = postSolution
		SolutionGuid = {27D42D04-1EEF-44E9-BBD2-407E2C521847}
	EndGlobalSection
EndGlobal
