
Microsoft Visual Studio Solution File, Format Version 12.00
# Visual Studio Version 17
VisualStudioVersion = 17.3.32901.215
MinimumVisualStudioVersion = 10.0.40219.1
Project("{FAE04EC0-301F-11D3-BF4B-00C04F79EFBC}") = "Task 03", "Task 03.csproj", "{ACEBCC71-9914-4AD2-9469-D097BAEDF917}"
EndProject
Global
	GlobalSection(SolutionConfigurationPlatforms) = preSolution
		Debug|Any CPU = Debug|Any CPU
		Release|Any CPU = Release|Any CPU
	EndGlobalSection
	GlobalSection(ProjectConfigurationPlatforms) = postSolution
		{ACEBCC71-9914-4AD2-9469-D097BAEDF917}.Debug|Any CPU.ActiveCfg = Debug|Any CPU
		{ACEBCC71-9914-4AD2-9469-D097BAEDF917}.Debug|Any CPU.Build.0 = Debug|Any CPU
		{ACEBCC71-9914-4AD2-9469-D097BAEDF917}.Release|Any CPU.ActiveCfg = Release|Any CPU
		{ACEBCC71-9914-4AD2-9469-D097BAEDF917}.Release|Any CPU.Build.0 = Release|Any CPU
	EndGlobalSection
	GlobalSection(SolutionProperties) = preSolution
		HideSolutionNode = FALSE
	EndGlobalSection
	GlobalSection(ExtensibilityGlobals) = postSolution
		SolutionGuid = {E79C07D7-8C5D-415C-A8C7-26D01641CA64}
	EndGlobalSection
EndGlobal
