
Microsoft Visual Studio Solution File, Format Version 12.00
# Visual Studio Version 17
VisualStudioVersion = 17.8.34511.84
MinimumVisualStudioVersion = 10.0.40219.1
Project("{FAE04EC0-301F-11D3-BF4B-00C04F79EFBC}") = "ooplab2examples", "ooplab2examples.csproj", "{EEA9574F-967E-4F54-9386-9A3331388958}"
EndProject
Global
	GlobalSection(SolutionConfigurationPlatforms) = preSolution
		Debug|Any CPU = Debug|Any CPU
		Release|Any CPU = Release|Any CPU
	EndGlobalSection
	GlobalSection(ProjectConfigurationPlatforms) = postSolution
		{EEA9574F-967E-4F54-9386-9A3331388958}.Debug|Any CPU.ActiveCfg = Debug|Any CPU
		{EEA9574F-967E-4F54-9386-9A3331388958}.Debug|Any CPU.Build.0 = Debug|Any CPU
		{EEA9574F-967E-4F54-9386-9A3331388958}.Release|Any CPU.ActiveCfg = Release|Any CPU
		{EEA9574F-967E-4F54-9386-9A3331388958}.Release|Any CPU.Build.0 = Release|Any CPU
	EndGlobalSection
	GlobalSection(SolutionProperties) = preSolution
		HideSolutionNode = FALSE
	EndGlobalSection
	GlobalSection(ExtensibilityGlobals) = postSolution
		SolutionGuid = {408AF85E-921E-4C81-8F73-6C6903B36EB5}
	EndGlobalSection
EndGlobal
