
Microsoft Visual Studio Solution File, Format Version 12.00
# Visual Studio Version 17
VisualStudioVersion = 17.8.34511.84
MinimumVisualStudioVersion = 10.0.40219.1
Project("{FAE04EC0-301F-11D3-BF4B-00C04F79EFBC}") = "Task2", "Task2.csproj", "{0D7AF506-6481-4274-A4E5-8869ABB0204B}"
EndProject
Global
	GlobalSection(SolutionConfigurationPlatforms) = preSolution
		Debug|Any CPU = Debug|Any CPU
		Release|Any CPU = Release|Any CPU
	EndGlobalSection
	GlobalSection(ProjectConfigurationPlatforms) = postSolution
		{0D7AF506-6481-4274-A4E5-8869ABB0204B}.Debug|Any CPU.ActiveCfg = Debug|Any CPU
		{0D7AF506-6481-4274-A4E5-8869ABB0204B}.Debug|Any CPU.Build.0 = Debug|Any CPU
		{0D7AF506-6481-4274-A4E5-8869ABB0204B}.Release|Any CPU.ActiveCfg = Release|Any CPU
		{0D7AF506-6481-4274-A4E5-8869ABB0204B}.Release|Any CPU.Build.0 = Release|Any CPU
	EndGlobalSection
	GlobalSection(SolutionProperties) = preSolution
		HideSolutionNode = FALSE
	EndGlobalSection
	GlobalSection(ExtensibilityGlobals) = postSolution
		SolutionGuid = {AED86D9E-FD26-4169-A77D-5E6CAD550EFA}
	EndGlobalSection
EndGlobal
