
Microsoft Visual Studio Solution File, Format Version 12.00
# Visual Studio Version 17
VisualStudioVersion = 17.8.34511.84
MinimumVisualStudioVersion = 10.0.40219.1
Project("{FAE04EC0-301F-11D3-BF4B-00C04F79EFBC}") = "OOPselfassesment1", "OOPselfassesment1.csproj", "{38D168AE-14FE-450C-8E96-C3FF51120AE8}"
EndProject
Global
	GlobalSection(SolutionConfigurationPlatforms) = preSolution
		Debug|Any CPU = Debug|Any CPU
		Release|Any CPU = Release|Any CPU
	EndGlobalSection
	GlobalSection(ProjectConfigurationPlatforms) = postSolution
		{38D168AE-14FE-450C-8E96-C3FF51120AE8}.Debug|Any CPU.ActiveCfg = Debug|Any CPU
		{38D168AE-14FE-450C-8E96-C3FF51120AE8}.Debug|Any CPU.Build.0 = Debug|Any CPU
		{38D168AE-14FE-450C-8E96-C3FF51120AE8}.Release|Any CPU.ActiveCfg = Release|Any CPU
		{38D168AE-14FE-450C-8E96-C3FF51120AE8}.Release|Any CPU.Build.0 = Release|Any CPU
	EndGlobalSection
	GlobalSection(SolutionProperties) = preSolution
		HideSolutionNode = FALSE
	EndGlobalSection
	GlobalSection(ExtensibilityGlobals) = postSolution
		SolutionGuid = {BB1F0F5A-2C94-4AE6-92AC-E35D524E1B97}
	EndGlobalSection
EndGlobal
